
Microsoft Visual Studio Solution File, Format Version 12.00
# Visual Studio Version 16
VisualStudioVersion = 16.0.30204.135
MinimumVisualStudioVersion = 10.0.40219.1
Project("{9A19103F-16F7-4668-BE54-9A1E7A4F7556}") = "WebAnalytics", "WebAnalytics\WebAnalytics.csproj", "{4AF790AD-FB1B-4BBB-859E-9415FC7DC89C}"
EndProject
Project("{9A19103F-16F7-4668-BE54-9A1E7A4F7556}") = "WebAnalytics.Tests", "WebAnalytics.Tests\WebAnalytics.Tests.csproj", "{47AB044C-8F49-4D05-A68C-0F8D2C8C7B2B}"
EndProject
Project("{FAE04EC0-301F-11D3-BF4B-00C04F79EFBC}") = "WebAnalytics.ConsoleApp", "WebAnalytics.ConsoleApp\WebAnalytics.ConsoleApp.csproj", "{B26F884E-4750-437D-A619-CE6DF5638E27}"
EndProject
Global
	GlobalSection(SolutionConfigurationPlatforms) = preSolution
		Debug|Any CPU = Debug|Any CPU
		Release|Any CPU = Release|Any CPU
	EndGlobalSection
	GlobalSection(ProjectConfigurationPlatforms) = postSolution
		{4AF790AD-FB1B-4BBB-859E-9415FC7DC89C}.Debug|Any CPU.ActiveCfg = Debug|Any CPU
		{4AF790AD-FB1B-4BBB-859E-9415FC7DC89C}.Debug|Any CPU.Build.0 = Debug|Any CPU
		{4AF790AD-FB1B-4BBB-859E-9415FC7DC89C}.Release|Any CPU.ActiveCfg = Release|Any CPU
		{4AF790AD-FB1B-4BBB-859E-9415FC7DC89C}.Release|Any CPU.Build.0 = Release|Any CPU
		{47AB044C-8F49-4D05-A68C-0F8D2C8C7B2B}.Debug|Any CPU.ActiveCfg = Debug|Any CPU
		{47AB044C-8F49-4D05-A68C-0F8D2C8C7B2B}.Debug|Any CPU.Build.0 = Debug|Any CPU
		{47AB044C-8F49-4D05-A68C-0F8D2C8C7B2B}.Release|Any CPU.ActiveCfg = Release|Any CPU
		{47AB044C-8F49-4D05-A68C-0F8D2C8C7B2B}.Release|Any CPU.Build.0 = Release|Any CPU
		{B26F884E-4750-437D-A619-CE6DF5638E27}.Debug|Any CPU.ActiveCfg = Debug|Any CPU
		{B26F884E-4750-437D-A619-CE6DF5638E27}.Debug|Any CPU.Build.0 = Debug|Any CPU
		{B26F884E-4750-437D-A619-CE6DF5638E27}.Release|Any CPU.ActiveCfg = Release|Any CPU
		{B26F884E-4750-437D-A619-CE6DF5638E27}.Release|Any CPU.Build.0 = Release|Any CPU
	EndGlobalSection
	GlobalSection(SolutionProperties) = preSolution
		HideSolutionNode = FALSE
	EndGlobalSection
	GlobalSection(ExtensibilityGlobals) = postSolution
		SolutionGuid = {AF38206E-02CC-4ADC-8622-4894F8E602E5}
	EndGlobalSection
EndGlobal
